{
  "name": "chatcube-modlens-gateway",
  "version": "0.1.0",
  "lockfileVersion": 3,
  "requires": true,
  "packages": {
    "": {
      "name": "chatcube-modlens-gateway",
      "version": "0.1.0",
      "dependencies": {
        "@liustack/modlens": "3.24.1"
      },
      "engines": {
        "node": ">=22.19"
      }
    },
    "node_modules/@liustack/modlens": {
      "version": "3.24.1",
      "resolved": "https://registry.npmjs.org/@liustack/modlens/-/modlens-3.24.1.tgz",
      "integrity": "sha512-DHTB7INnijDS1HkAT+jk7mdYV5M9DPqHsOP8eH5aOmomDR3B3bNH59t0LiloWIILmrFWpsI5WdtQE+ea3nAqAw==",
      "license": "MIT",
      "dependencies": {
        "commander": "^13.1.0",
        "undici": "^8.10.0"
      },
      "bin": {
        "modlens": "dist/main.js"
      },
      "engines": {
        "node": ">=22.19"
      }
    },
    "node_modules/commander": {
      "version": "13.1.0",
      "resolved": "https://registry.npmjs.org/commander/-/commander-13.1.0.tgz",
      "integrity": "sha512-/rFeCpNJQbhSZjGVwO9RFV3xPqbnERS8MmIQzCtD/zl6gpJuV/bMLuN92oG3F7d8oDEHHRrujSXNUr8fpjntKw==",
      "license": "MIT",
      "engines": {
        "node": ">=18"
      }
    },
    "node_modules/undici": {
      "version": "8.10.0",
      "resolved": "https://registry.npmjs.org/undici/-/undici-8.10.0.tgz",
      "integrity": "sha512-HvltHd7avK13QIw/oLe4qoOLyoVSoafqJ2jYOrtMRBkbYT31eiBQ8O0ehRKZiEZCMEyLFQNIADpgCWC5fALvYQ==",
      "license": "MIT",
      "engines": {
        "node": ">=22.19.0"
      }
    }
  }
}
